
Microsoft Visual Studio Solution File, Format Version 12.00
# Visual Studio 14
VisualStudioVersion = 14.0.23107.0
MinimumVisualStudioVersion = 10.0.40219.1
Project("{FAE04EC0-301F-11D3-BF4B-00C04F79EFBC}") = "WebService", "EmployeeWebService\WebService\WebService.csproj", "{F5314C81-C646-4CF5-97FD-D77CD421DF49}"
EndProject
Project("{FAE04EC0-301F-11D3-BF4B-00C04F79EFBC}") = "WebApplication", "WebApplication\WebApplication.csproj", "{643BDE70-40F3-4FF5-AE4E-3E295ED2F988}"
EndProject
Global
	GlobalSection(SolutionConfigurationPlatforms) = preSolution
		Debug|Any CPU = Debug|Any CPU
		Release|Any CPU = Release|Any CPU
	EndGlobalSection
	GlobalSection(ProjectConfigurationPlatforms) = postSolution
		{F5314C81-C646-4CF5-97FD-D77CD421DF49}.Debug|Any CPU.ActiveCfg = Debug|Any CPU
		{F5314C81-C646-4CF5-97FD-D77CD421DF49}.Debug|Any CPU.Build.0 = Debug|Any CPU
		{F5314C81-C646-4CF5-97FD-D77CD421DF49}.Release|Any CPU.ActiveCfg = Release|Any CPU
		{F5314C81-C646-4CF5-97FD-D77CD421DF49}.Release|Any CPU.Build.0 = Release|Any CPU
		{643BDE70-40F3-4FF5-AE4E-3E295ED2F988}.Debug|Any CPU.ActiveCfg = Debug|Any CPU
		{643BDE70-40F3-4FF5-AE4E-3E295ED2F988}.Debug|Any CPU.Build.0 = Debug|Any CPU
		{643BDE70-40F3-4FF5-AE4E-3E295ED2F988}.Release|Any CPU.ActiveCfg = Release|Any CPU
		{643BDE70-40F3-4FF5-AE4E-3E295ED2F988}.Release|Any CPU.Build.0 = Release|Any CPU
	EndGlobalSection
	GlobalSection(SolutionProperties) = preSolution
		HideSolutionNode = FALSE
	EndGlobalSection
EndGlobal
